PODS:
  - ADMobGenDeviceInfo (1.5.2):
    - ADMobGenFoundation
    - ADMobGenLocationManager
    - ADMobGenNetwork
  - ADMobGenFoundation (0.8.0)
  - ADMobGenLocationManager (0.1.1)
  - ADMobGenNetwork (0.5.2)
  - IQKeyboardManager (6.5.4)
  - Masonry (1.1.0)
  - SVProgressHUD (2.2.5)
  - YuyanOneClickLogin (1.2.0):
    - ADMobGenDeviceInfo
    - ADMobGenNetwork
  - YYCache (1.0.4)
  - YYImage (1.0.4):
    - YYImage/Core (= 1.0.4)
  - YYImage/Core (1.0.4)
  - YYText (1.0.7)
  - YYWebImage (1.0.5):
    - YYCache
    - YYImage

DEPENDENCIES:
  - IQKeyboardManager
  - Masonry
  - SVProgressHUD
  - YuyanOneClickLogin
  - YYText
  - YYWebImage

SPEC REPOS:
  trunk:
    - ADMobGenDeviceInfo
    - ADMobGenFoundation
    - ADMobGenLocationManager
    - ADMobGenNetwork
    - IQKeyboardManager
    - Masonry
    - SVProgressHUD
    - YuyanOneClickLogin
    - YYCache
    - YYImage
    - YYText
    - YYWebImage

SPEC CHECKSUMS:
  ADMobGenDeviceInfo: 7f0adb3dd3bb4b06e3e86fe9f4afabdce95dff0b
  ADMobGenFoundation: 292a3310f806644c042f45c726f876888689aef4
  ADMobGenLocationManager: f2b0396d8c1c26e9490725150e3def622f74ccae
  ADMobGenNetwork: 5a2b334b492d311df0d8b8776fbbb41e6982805f
  IQKeyboardManager: 72b359cd7e777e3a984cedbe05f8da45320cbb63
  Masonry: 678fab65091a9290e40e2832a55e7ab731aad201
  SVProgressHUD: 1428aafac632c1f86f62aa4243ec12008d7a51d6
  YuyanOneClickLogin: 6388b1f36c3548b1fa6b5d1fc217554a8812abc3
  YYCache: 8105b6638f5e849296c71f331ff83891a4942952
  YYImage: 1e1b62a9997399593e4b9c4ecfbbabbf1d3f3b54
  YYText: 5c461d709e24d55a182d1441c41dc639a18a4849
  YYWebImage: 5f7f36aee2ae293f016d418c7d6ba05c4863e928

PODFILE CHECKSUM: d8fce81d64ba40f44902fc67392b1bbed709aab1

COCOAPODS: 1.8.4
